
Microsoft Visual Studio Solution File, Format Version 12.00
# Visual Studio 15
Project("{FAE04EC0-301F-11D3-BF4B-00C04F79EFBC}") = "Assembly-CSharp", "Assembly-CSharp.csproj", "{6ACD45CE-35D5-4444-FCA7-681F61782530}"
EndProject
Project("{FAE04EC0-301F-11D3-BF4B-00C04F79EFBC}") = "Assembly-CSharp-Editor", "Assembly-CSharp-Editor.csproj", "{4D576C05-DD95-B545-A292-C4AA92B9D58B}"
EndProject
Global
	GlobalSection(SolutionConfigurationPlatforms) = preSolution
		Debug|Any CPU = Debug|Any CPU
		Release|Any CPU = Release|Any CPU
	EndGlobalSection
	GlobalSection(ProjectConfigurationPlatforms) = postSolution
		{6ACD45CE-35D5-4444-FCA7-681F61782530}.Debug|Any CPU.ActiveCfg = Debug|Any CPU
		{6ACD45CE-35D5-4444-FCA7-681F61782530}.Debug|Any CPU.Build.0 = Debug|Any CPU
		{6ACD45CE-35D5-4444-FCA7-681F61782530}.Release|Any CPU.ActiveCfg = Release|Any CPU
		{6ACD45CE-35D5-4444-FCA7-681F61782530}.Release|Any CPU.Build.0 = Release|Any CPU
		{4D576C05-DD95-B545-A292-C4AA92B9D58B}.Debug|Any CPU.ActiveCfg = Debug|Any CPU
		{4D576C05-DD95-B545-A292-C4AA92B9D58B}.Debug|Any CPU.Build.0 = Debug|Any CPU
		{4D576C05-DD95-B545-A292-C4AA92B9D58B}.Release|Any CPU.ActiveCfg = Release|Any CPU
		{4D576C05-DD95-B545-A292-C4AA92B9D58B}.Release|Any CPU.Build.0 = Release|Any CPU
	EndGlobalSection
	GlobalSection(SolutionProperties) = preSolution
		HideSolutionNode = FALSE
	EndGlobalSection
EndGlobal
